// !$*UTF8*$!
{
	archiveVersion = 1;
	classes = {
	};
	objectVersion = 50;
	objects = {

/* Begin PBXBuildFile section */
		F96E008D25B928E100B22330 /* WikiView.swift in Sources */ = {isa = PBXBuildFile; fileRef = F96E008C25B928E100B22330 /* WikiView.swift */; };
		F96E008E25B928E100B22330 /* WikiView.swift in Sources */ = {isa = PBXBuildFile; fileRef = F96E008C25B928E100B22330 /* WikiView.swift */; };
		F992B70E25B6C67A00A37AA7 /* Tests_iOS.swift in Sources */ = {isa = PBXBuildFile; fileRef = F992B70D25B6C67A00A37AA7 /* Tests_iOS.swift */; };
		F992B71925B6C67A00A37AA7 /* Tests_macOS.swift in Sources */ = {isa = PBXBuildFile; fileRef = F992B71825B6C67A00A37AA7 /* Tests_macOS.swift */; };
		F992B71B25B6C67A00A37AA7 /* SUSTech_FlowApp.swift in Sources */ = {isa = PBXBuildFile; fileRef = F992B6F225B6C67500A37AA7 /* SUSTech_FlowApp.swift */; };
		F992B71C25B6C67A00A37AA7 /* SUSTech_FlowApp.swift in Sources */ = {isa = PBXBuildFile; fileRef = F992B6F225B6C67500A37AA7 /* SUSTech_FlowApp.swift */; };
		F992B71D25B6C67A00A37AA7 /* ContentView.swift in Sources */ = {isa = PBXBuildFile; fileRef = F992B6F325B6C67500A37AA7 /* ContentView.swift */; };
		F992B71E25B6C67A00A37AA7 /* ContentView.swift in Sources */ = {isa = PBXBuildFile; fileRef = F992B6F325B6C67500A37AA7 /* ContentView.swift */; };
		F992B71F25B6C67A00A37AA7 /* Assets.xcassets in Resources */ = {isa = PBXBuildFile; fileRef = F992B6F425B6C67A00A37AA7 /* Assets.xcassets */; };
		F992B72025B6C67A00A37AA7 /* Assets.xcassets in Resources */ = {isa = PBXBuildFile; fileRef = F992B6F425B6C67A00A37AA7 /* Assets.xcassets */; };
		F992B74E25B6D5E100A37AA7 /* FlowGroup.swift in Sources */ = {isa = PBXBuildFile; fileRef = F992B74D25B6D5E100A37AA7 /* FlowGroup.swift */; };
		F992B74F25B6D5E100A37AA7 /* FlowGroup.swift in Sources */ = {isa = PBXBuildFile; fileRef = F992B74D25B6D5E100A37AA7 /* FlowGroup.swift */; };
		F992B76C25B6D8FB00A37AA7 /* ModelData.swift in Sources */ = {isa = PBXBuildFile; fileRef = F992B76B25B6D8FB00A37AA7 /* ModelData.swift */; };
		F992B76D25B6D8FB00A37AA7 /* ModelData.swift in Sources */ = {isa = PBXBuildFile; fileRef = F992B76B25B6D8FB00A37AA7 /* ModelData.swift */; };
		F992B77C25B6DF0600A37AA7 /* flowgroups.json in Resources */ = {isa = PBXBuildFile; fileRef = F992B77B25B6DF0600A37AA7 /* flowgroups.json */; };
		F992B77D25B6DF0600A37AA7 /* flowgroups.json in Resources */ = {isa = PBXBuildFile; fileRef = F992B77B25B6DF0600A37AA7 /* flowgroups.json */; };
		F992B79A25B6E3D000A37AA7 /* FlowGroupView.swift in Sources */ = {isa = PBXBuildFile; fileRef = F992B79925B6E3D000A37AA7 /* FlowGroupView.swift */; };
		F992B79B25B6E3D000A37AA7 /* FlowGroupView.swift in Sources */ = {isa = PBXBuildFile; fileRef = F992B79925B6E3D000A37AA7 /* FlowGroupView.swift */; };
		F992B7A125B727B200A37AA7 /* MyFlowsView.swift in Sources */ = {isa = PBXBuildFile; fileRef = F992B7A025B727B200A37AA7 /* MyFlowsView.swift */; };
		F992B7A225B727B200A37AA7 /* MyFlowsView.swift in Sources */ = {isa = PBXBuildFile; fileRef = F992B7A025B727B200A37AA7 /* MyFlowsView.swift */; };
		F992B7A825B727BB00A37AA7 /* CalendarView.swift in Sources */ = {isa = PBXBuildFile; fileRef = F992B7A725B727BB00A37AA7 /* CalendarView.swift */; };
		F992B7A925B727BB00A37AA7 /* CalendarView.swift in Sources */ = {isa = PBXBuildFile; fileRef = F992B7A725B727BB00A37AA7 /* CalendarView.swift */; };
		F992B7AF25B733CC00A37AA7 /* FlowItem.swift in Sources */ = {isa = PBXBuildFile; fileRef = F992B7AE25B733CC00A37AA7 /* FlowItem.swift */; };
		F992B7B025B733CC00A37AA7 /* FlowItem.swift in Sources */ = {isa = PBXBuildFile; fileRef = F992B7AE25B733CC00A37AA7 /* FlowItem.swift */; };
		F992B7B625B7357F00A37AA7 /* flowitems.json in Resources */ = {isa = PBXBuildFile; fileRef = F992B7B525B7357F00A37AA7 /* flowitems.json */; };
		F992B7B725B7357F00A37AA7 /* flowitems.json in Resources */ = {isa = PBXBuildFile; fileRef = F992B7B525B7357F00A37AA7 /* flowitems.json */; };
		F992B7BD25B73F8400A37AA7 /* FlowItemView.swift in Sources */ = {isa = PBXBuildFile; fileRef = F992B7BC25B73F8400A37AA7 /* FlowItemView.swift */; };
		F992B7BE25B73F8400A37AA7 /* FlowItemView.swift in Sources */ = {isa = PBXBuildFile; fileRef = F992B7BC25B73F8400A37AA7 /* FlowItemView.swift */; };
/* End PBXBuildFile section */

/* Begin PBXContainerItemProxy section */
		F992B70A25B6C67A00A37AA7 /* PBXContainerItemProxy */ = {
			isa = PBXContainerItemProxy;
			containerPortal = F992B6ED25B6C67500A37AA7 /* Project object */;
			proxyType = 1;
			remoteGlobalIDString = F992B6F825B6C67A00A37AA7;
			remoteInfo = "SUSTech Flow (iOS)";
		};
		F992B71525B6C67A00A37AA7 /* PBXContainerItemProxy */ = {
			isa = PBXContainerItemProxy;
			containerPortal = F992B6ED25B6C67500A37AA7 /* Project object */;
			proxyType = 1;
			remoteGlobalIDString = F992B70025B6C67A00A37AA7;
			remoteInfo = "SUSTech Flow (macOS)";
		};
/* End PBXContainerItemProxy section */

/* Begin PBXFileReference section */
		F96E008C25B928E100B22330 /* WikiView.swift */ = {isa = PBXFileReference; lastKnownFileType = sourcecode.swift; path = WikiView.swift; sourceTree = "<group>"; };
		F992B6F225B6C67500A37AA7 /* SUSTech_FlowApp.swift */ = {isa = PBXFileReference; lastKnownFileType = sourcecode.swift; path = SUSTech_FlowApp.swift; sourceTree = "<group>"; };
		F992B6F325B6C67500A37AA7 /* ContentView.swift */ = {isa = PBXFileReference; lastKnownFileType = sourcecode.swift; path = ContentView.swift; sourceTree = "<group>"; };
		F992B6F425B6C67A00A37AA7 /* Assets.xcassets */ = {isa = PBXFileReference; lastKnownFileType = folder.assetcatalog; path = Assets.xcassets; sourceTree = "<group>"; };
		F992B6F925B6C67A00A37AA7 /* SUSTech Flow.app */ = {isa = PBXFileReference; explicitFileType = wrapper.application; includeInIndex = 0; path = "SUSTech Flow.app"; sourceTree = BUILT_PRODUCTS_DIR; };
		F992B6FC25B6C67A00A37AA7 /* Info.plist */ = {isa = PBXFileReference; lastKnownFileType = text.plist.xml; path = Info.plist; sourceTree = "<group>"; };
		F992B70125B6C67A00A37AA7 /* SUSTech Flow.app */ = {isa = PBXFileReference; explicitFileType = wrapper.application; includeInIndex = 0; path = "SUSTech Flow.app"; sourceTree = BUILT_PRODUCTS_DIR; };
		F992B70325B6C67A00A37AA7 /* Info.plist */ = {isa = PBXFileReference; lastKnownFileType = text.plist.xml; path = Info.plist; sourceTree = "<group>"; };
		F992B70425B6C67A00A37AA7 /* macOS.entitlements */ = {isa = PBXFileReference; lastKnownFileType = text.plist.entitlements; path = macOS.entitlements; sourceTree = "<group>"; };
		F992B70925B6C67A00A37AA7 /* Tests iOS.xctest */ = {isa = PBXFileReference; explicitFileType = wrapper.cfbundle; includeInIndex = 0; path = "Tests iOS.xctest"; sourceTree = BUILT_PRODUCTS_DIR; };
		F992B70D25B6C67A00A37AA7 /* Tests_iOS.swift */ = {isa = PBXFileReference; lastKnownFileType = sourcecode.swift; path = Tests_iOS.swift; sourceTree = "<group>"; };
		F992B70F25B6C67A00A37AA7 /* Info.plist */ = {isa = PBXFileReference; lastKnownFileType = text.plist.xml; path = Info.plist; sourceTree = "<group>"; };
		F992B71425B6C67A00A37AA7 /* Tests macOS.xctest */ = {isa = PBXFileReference; explicitFileType = wrapper.cfbundle; includeInIndex = 0; path = "Tests macOS.xctest"; sourceTree = BUILT_PRODUCTS_DIR; };
		F992B71825B6C67A00A37AA7 /* Tests_macOS.swift */ = {isa = PBXFileReference; lastKnownFileType = sourcecode.swift; path = Tests_macOS.swift; sourceTree = "<group>"; };
		F992B71A25B6C67A00A37AA7 /* Info.plist */ = {isa = PBXFileReference; lastKnownFileType = text.plist.xml; path = Info.plist; sourceTree = "<group>"; };
		F992B74D25B6D5E100A37AA7 /* FlowGroup.swift */ = {isa = PBXFileReference; lastKnownFileType = sourcecode.swift; path = FlowGroup.swift; sourceTree = "<group>"; };
		F992B76B25B6D8FB00A37AA7 /* ModelData.swift */ = {isa = PBXFileReference; lastKnownFileType = sourcecode.swift; path = ModelData.swift; sourceTree = "<group>"; };
		F992B77B25B6DF0600A37AA7 /* flowgroups.json */ = {isa = PBXFileReference; fileEncoding = 4; lastKnownFileType = text.json; path = flowgroups.json; sourceTree = "<group>"; };
		F992B79925B6E3D000A37AA7 /* FlowGroupView.swift */ = {isa = PBXFileReference; lastKnownFileType = sourcecode.swift; path = FlowGroupView.swift; sourceTree = "<group>"; };
		F992B7A025B727B200A37AA7 /* MyFlowsView.swift */ = {isa = PBXFileReference; lastKnownFileType = sourcecode.swift; path = MyFlowsView.swift; sourceTree = "<group>"; };
		F992B7A725B727BB00A37AA7 /* CalendarView.swift */ = {isa = PBXFileReference; lastKnownFileType = sourcecode.swift; path = CalendarView.swift; sourceTree = "<group>"; };
		F992B7AE25B733CC00A37AA7 /* FlowItem.swift */ = {isa = PBXFileReference; lastKnownFileType = sourcecode.swift; path = FlowItem.swift; sourceTree = "<group>"; };
		F992B7B525B7357F00A37AA7 /* flowitems.json */ = {isa = PBXFileReference; fileEncoding = 4; lastKnownFileType = text.json; path = flowitems.json; sourceTree = "<group>"; };
		F992B7BC25B73F8400A37AA7 /* FlowItemView.swift */ = {isa = PBXFileReference; lastKnownFileType = sourcecode.swift; path = FlowItemView.swift; sourceTree = "<group>"; };
		F9AC343A25B7457C00C30A99 /* SUSTech Flow.entitlements */ = {isa = PBXFileReference; lastKnownFileType = text.plist.entitlements; path = "SUSTech Flow.entitlements"; sourceTree = "<group>"; };
/* End PBXFileReference section */

/* Begin PBXFrameworksBuildPhase section */
		F992B6F625B6C67A00A37AA7 /* Frameworks */ = {
			isa = PBXFrameworksBuildPhase;
			buildActionMask = 2147483647;
			files = (
			);
			runOnlyForDeploymentPostprocessing = 0;
		};
		F992B6FE25B6C67A00A37AA7 /* Frameworks */ = {
			isa = PBXFrameworksBuildPhase;
			buildActionMask = 2147483647;
			files = (
			);
			runOnlyForDeploymentPostprocessing = 0;
		};
		F992B70625B6C67A00A37AA7 /* Frameworks */ = {
			isa = PBXFrameworksBuildPhase;
			buildActionMask = 2147483647;
			files = (
			);
			runOnlyForDeploymentPostprocessing = 0;
		};
		F992B71125B6C67A00A37AA7 /* Frameworks */ = {
			isa = PBXFrameworksBuildPhase;
			buildActionMask = 2147483647;
			files = (
			);
			runOnlyForDeploymentPostprocessing = 0;
		};
/* End PBXFrameworksBuildPhase section */

/* Begin PBXGroup section */
		F992B6EC25B6C67500A37AA7 = {
			isa = PBXGroup;
			children = (
				F9AC343A25B7457C00C30A99 /* SUSTech Flow.entitlements */,
				F992B6F125B6C67500A37AA7 /* Shared */,
				F992B6FB25B6C67A00A37AA7 /* iOS */,
				F992B70225B6C67A00A37AA7 /* macOS */,
				F992B70C25B6C67A00A37AA7 /* Tests iOS */,
				F992B71725B6C67A00A37AA7 /* Tests macOS */,
				F992B6FA25B6C67A00A37AA7 /* Products */,
			);
			sourceTree = "<group>";
		};
		F992B6F125B6C67500A37AA7 /* Shared */ = {
			isa = PBXGroup;
			children = (
				F992B6F225B6C67500A37AA7 /* SUSTech_FlowApp.swift */,
				F992B76625B6D8C000A37AA7 /* Views */,
				F992B77525B6D97300A37AA7 /* Model */,
				F992B77625B6DB9D00A37AA7 /* Resources */,
				F992B6F425B6C67A00A37AA7 /* Assets.xcassets */,
			);
			path = Shared;
			sourceTree = "<group>";
		};
		F992B6FA25B6C67A00A37AA7 /* Products */ = {
			isa = PBXGroup;
			children = (
				F992B6F925B6C67A00A37AA7 /* SUSTech Flow.app */,
				F992B70125B6C67A00A37AA7 /* SUSTech Flow.app */,
				F992B70925B6C67A00A37AA7 /* Tests iOS.xctest */,
				F992B71425B6C67A00A37AA7 /* Tests macOS.xctest */,
			);
			name = Products;
			sourceTree = "<group>";
		};
		F992B6FB25B6C67A00A37AA7 /* iOS */ = {
			isa = PBXGroup;
			children = (
				F992B6FC25B6C67A00A37AA7 /* Info.plist */,
			);
			path = iOS;
			sourceTree = "<group>";
		};
		F992B70225B6C67A00A37AA7 /* macOS */ = {
			isa = PBXGroup;
			children = (
				F992B70325B6C67A00A37AA7 /* Info.plist */,
				F992B70425B6C67A00A37AA7 /* macOS.entitlements */,
			);
			path = macOS;
			sourceTree = "<group>";
		};
		F992B70C25B6C67A00A37AA7 /* Tests iOS */ = {
			isa = PBXGroup;
			children = (
				F992B70D25B6C67A00A37AA7 /* Tests_iOS.swift */,
				F992B70F25B6C67A00A37AA7 /* Info.plist */,
			);
			path = "Tests iOS";
			sourceTree = "<group>";
		};
		F992B71725B6C67A00A37AA7 /* Tests macOS */ = {
			isa = PBXGroup;
			children = (
				F992B71825B6C67A00A37AA7 /* Tests_macOS.swift */,
				F992B71A25B6C67A00A37AA7 /* Info.plist */,
			);
			path = "Tests macOS";
			sourceTree = "<group>";
		};
		F992B76625B6D8C000A37AA7 /* Views */ = {
			isa = PBXGroup;
			children = (
				F992B6F325B6C67500A37AA7 /* ContentView.swift */,
				F992B7A025B727B200A37AA7 /* MyFlowsView.swift */,
				F992B7BC25B73F8400A37AA7 /* FlowItemView.swift */,
				F992B7A725B727BB00A37AA7 /* CalendarView.swift */,
				F992B79925B6E3D000A37AA7 /* FlowGroupView.swift */,
				F96E008C25B928E100B22330 /* WikiView.swift */,
			);
			name = Views;
			sourceTree = "<group>";
		};
		F992B77525B6D97300A37AA7 /* Model */ = {
			isa = PBXGroup;
			children = (
				F992B74D25B6D5E100A37AA7 /* FlowGroup.swift */,
				F992B76B25B6D8FB00A37AA7 /* ModelData.swift */,
				F992B7AE25B733CC00A37AA7 /* FlowItem.swift */,
			);
			name = Model;
			sourceTree = "<group>";
		};
		F992B77625B6DB9D00A37AA7 /* Resources */ = {
			isa = PBXGroup;
			children = (
				F992B7B525B7357F00A37AA7 /* flowitems.json */,
				F992B77B25B6DF0600A37AA7 /* flowgroups.json */,
			);
			name = Resources;
			sourceTree = "<group>";
		};
/* End PBXGroup section */

/* Begin PBXNativeTarget section */
		F992B6F825B6C67A00A37AA7 /* SUSTech Flow (iOS) */ = {
			isa = PBXNativeTarget;
			buildConfigurationList = F992B72325B6C67A00A37AA7 /* Build configuration list for PBXNativeTarget "SUSTech Flow (iOS)" */;
			buildPhases = (
				F992B6F525B6C67A00A37AA7 /* Sources */,
				F992B6F625B6C67A00A37AA7 /* Frameworks */,
				F992B6F725B6C67A00A37AA7 /* Resources */,
			);
			buildRules = (
			);
			dependencies = (
			);
			name = "SUSTech Flow (iOS)";
			productName = "SUSTech Flow (iOS)";
			productReference = F992B6F925B6C67A00A37AA7 /* SUSTech Flow.app */;
			productType = "com.apple.product-type.application";
		};
		F992B70025B6C67A00A37AA7 /* SUSTech Flow (macOS) */ = {
			isa = PBXNativeTarget;
			buildConfigurationList = F992B72625B6C67A00A37AA7 /* Build configuration list for PBXNativeTarget "SUSTech Flow (macOS)" */;
			buildPhases = (
				F992B6FD25B6C67A00A37AA7 /* Sources */,
				F992B6FE25B6C67A00A37AA7 /* Frameworks */,
				F992B6FF25B6C67A00A37AA7 /* Resources */,
			);
			buildRules = (
			);
			dependencies = (
			);
			name = "SUSTech Flow (macOS)";
			productName = "SUSTech Flow (macOS)";
			productReference = F992B70125B6C67A00A37AA7 /* SUSTech Flow.app */;
			productType = "com.apple.product-type.application";
		};
		F992B70825B6C67A00A37AA7 /* Tests iOS */ = {
			isa = PBXNativeTarget;
			buildConfigurationList = F992B72925B6C67A00A37AA7 /* Build configuration list for PBXNativeTarget "Tests iOS" */;
			buildPhases = (
				F992B70525B6C67A00A37AA7 /* Sources */,
				F992B70625B6C67A00A37AA7 /* Frameworks */,
				F992B70725B6C67A00A37AA7 /* Resources */,
			);
			buildRules = (
			);
			dependencies = (
				F992B70B25B6C67A00A37AA7 /* PBXTargetDependency */,
			);
			name = "Tests iOS";
			productName = "Tests iOS";
			productReference = F992B70925B6C67A00A37AA7 /* Tests iOS.xctest */;
			productType = "com.apple.product-type.bundle.ui-testing";
		};
		F992B71325B6C67A00A37AA7 /* Tests macOS */ = {
			isa = PBXNativeTarget;
			buildConfigurationList = F992B72C25B6C67A00A37AA7 /* Build configuration list for PBXNativeTarget "Tests macOS" */;
			buildPhases = (
				F992B71025B6C67A00A37AA7 /* Sources */,
				F992B71125B6C67A00A37AA7 /* Frameworks */,
				F992B71225B6C67A00A37AA7 /* Resources */,
			);
			buildRules = (
			);
			dependencies = (
				F992B71625B6C67A00A37AA7 /* PBXTargetDependency */,
			);
			name = "Tests macOS";
			productName = "Tests macOS";
			productReference = F992B71425B6C67A00A37AA7 /* Tests macOS.xctest */;
			productType = "com.apple.product-type.bundle.ui-testing";
		};
/* End PBXNativeTarget section */

/* Begin PBXProject section */
		F992B6ED25B6C67500A37AA7 /* Project object */ = {
			isa = PBXProject;
			attributes = {
				LastSwiftUpdateCheck = 1230;
				LastUpgradeCheck = 1230;
				TargetAttributes = {
					F992B6F825B6C67A00A37AA7 = {
						CreatedOnToolsVersion = 12.3;
					};
					F992B70025B6C67A00A37AA7 = {
						CreatedOnToolsVersion = 12.3;
					};
					F992B70825B6C67A00A37AA7 = {
						CreatedOnToolsVersion = 12.3;
						TestTargetID = F992B6F825B6C67A00A37AA7;
					};
					F992B71325B6C67A00A37AA7 = {
						CreatedOnToolsVersion = 12.3;
						TestTargetID = F992B70025B6C67A00A37AA7;
					};
				};
			};
			buildConfigurationList = F992B6F025B6C67500A37AA7 /* Build configuration list for PBXProject "SUSTech Flow" */;
			compatibilityVersion = "Xcode 9.3";
			developmentRegion = en;
			hasScannedForEncodings = 0;
			knownRegions = (
				en,
				Base,
			);
			mainGroup = F992B6EC25B6C67500A37AA7;
			productRefGroup = F992B6FA25B6C67A00A37AA7 /* Products */;
			projectDirPath = "";
			projectRoot = "";
			targets = (
				F992B6F825B6C67A00A37AA7 /* SUSTech Flow (iOS) */,
				F992B70025B6C67A00A37AA7 /* SUSTech Flow (macOS) */,
				F992B70825B6C67A00A37AA7 /* Tests iOS */,
				F992B71325B6C67A00A37AA7 /* Tests macOS */,
			);
		};
/* End PBXProject section */

/* Begin PBXResourcesBuildPhase section */
		F992B6F725B6C67A00A37AA7 /* Resources */ = {
			isa = PBXResourcesBuildPhase;
			buildActionMask = 2147483647;
			files = (
				F992B71F25B6C67A00A37AA7 /* Assets.xcassets in Resources */,
				F992B77C25B6DF0600A37AA7 /* flowgroups.json in Resources */,
				F992B7B625B7357F00A37AA7 /* flowitems.json in Resources */,
			);
			runOnlyForDeploymentPostprocessing = 0;
		};
		F992B6FF25B6C67A00A37AA7 /* Resources */ = {
			isa = PBXResourcesBuildPhase;
			buildActionMask = 2147483647;
			files = (
				F992B72025B6C67A00A37AA7 /* Assets.xcassets in Resources */,
				F992B77D25B6DF0600A37AA7 /* flowgroups.json in Resources */,
				F992B7B725B7357F00A37AA7 /* flowitems.json in Resources */,
			);
			runOnlyForDeploymentPostprocessing = 0;
		};
		F992B70725B6C67A00A37AA7 /* Resources */ = {
			isa = PBXResourcesBuildPhase;
			buildActionMask = 2147483647;
			files = (
			);
			runOnlyForDeploymentPostprocessing = 0;
		};
		F992B71225B6C67A00A37AA7 /* Resources */ = {
			isa = PBXResourcesBuildPhase;
			buildActionMask = 2147483647;
			files = (
			);
			runOnlyForDeploymentPostprocessing = 0;
		};
/* End PBXResourcesBuildPhase section */

/* Begin PBXSourcesBuildPhase section */
		F992B6F525B6C67A00A37AA7 /* Sources */ = {
			isa = PBXSourcesBuildPhase;
			buildActionMask = 2147483647;
			files = (
				F992B7AF25B733CC00A37AA7 /* FlowItem.swift in Sources */,
				F992B7A125B727B200A37AA7 /* MyFlowsView.swift in Sources */,
				F992B7A825B727BB00A37AA7 /* CalendarView.swift in Sources */,
				F992B79A25B6E3D000A37AA7 /* FlowGroupView.swift in Sources */,
				F992B71D25B6C67A00A37AA7 /* ContentView.swift in Sources */,
				F992B71B25B6C67A00A37AA7 /* SUSTech_FlowApp.swift in Sources */,
				F96E008D25B928E100B22330 /* WikiView.swift in Sources */,
				F992B74E25B6D5E100A37AA7 /* FlowGroup.swift in Sources */,
				F992B76C25B6D8FB00A37AA7 /* ModelData.swift in Sources */,
				F992B7BD25B73F8400A37AA7 /* FlowItemView.swift in Sources */,
			);
			runOnlyForDeploymentPostprocessing = 0;
		};
		F992B6FD25B6C67A00A37AA7 /* Sources */ = {
			isa = PBXSourcesBuildPhase;
			buildActionMask = 2147483647;
			files = (
				F992B7B025B733CC00A37AA7 /* FlowItem.swift in Sources */,
				F992B7A225B727B200A37AA7 /* MyFlowsView.swift in Sources */,
				F992B7A925B727BB00A37AA7 /* CalendarView.swift in Sources */,
				F992B79B25B6E3D000A37AA7 /* FlowGroupView.swift in Sources */,
				F992B71E25B6C67A00A37AA7 /* ContentView.swift in Sources */,
				F992B71C25B6C67A00A37AA7 /* SUSTech_FlowApp.swift in Sources */,
				F96E008E25B928E100B22330 /* WikiView.swift in Sources */,
				F992B74F25B6D5E100A37AA7 /* FlowGroup.swift in Sources */,
				F992B76D25B6D8FB00A37AA7 /* ModelData.swift in Sources */,
				F992B7BE25B73F8400A37AA7 /* FlowItemView.swift in Sources */,
			);
			runOnlyForDeploymentPostprocessing = 0;
		};
		F992B70525B6C67A00A37AA7 /* Sources */ = {
			isa = PBXSourcesBuildPhase;
			buildActionMask = 2147483647;
			files = (
				F992B70E25B6C67A00A37AA7 /* Tests_iOS.swift in Sources */,
			);
			runOnlyForDeploymentPostprocessing = 0;
		};
		F992B71025B6C67A00A37AA7 /* Sources */ = {
			isa = PBXSourcesBuildPhase;
			buildActionMask = 2147483647;
			files = (
				F992B71925B6C67A00A37AA7 /* Tests_macOS.swift in Sources */,
			);
			runOnlyForDeploymentPostprocessing = 0;
		};
/* End PBXSourcesBuildPhase section */

/* Begin PBXTargetDependency section */
		F992B70B25B6C67A00A37AA7 /* PBXTargetDependency */ = {
			isa = PBXTargetDependency;
			target = F992B6F825B6C67A00A37AA7 /* SUSTech Flow (iOS) */;
			targetProxy = F992B70A25B6C67A00A37AA7 /* PBXContainerItemProxy */;
		};
		F992B71625B6C67A00A37AA7 /* PBXTargetDependency */ = {
			isa = PBXTargetDependency;
			target = F992B70025B6C67A00A37AA7 /* SUSTech Flow (macOS) */;
			targetProxy = F992B71525B6C67A00A37AA7 /* PBXContainerItemProxy */;
		};
/* End PBXTargetDependency section */

/* Begin XCBuildConfiguration section */
		F992B72125B6C67A00A37AA7 /* Debug */ = {
			isa = XCBuildConfiguration;
			buildSettings = {
				ALWAYS_SEARCH_USER_PATHS = NO;
				CLANG_ANALYZER_NONNULL = YES;
				CLANG_ANALYZER_NUMBER_OBJECT_CONVERSION = YES_AGGRESSIVE;
				CLANG_CXX_LANGUAGE_STANDARD = "gnu++14";
				CLANG_CXX_LIBRARY = "libc++";
				CLANG_ENABLE_MODULES = YES;
				CLANG_ENABLE_OBJC_ARC = YES;
				CLANG_ENABLE_OBJC_WEAK = YES;
				CLANG_WARN_BLOCK_CAPTURE_AUTORELEASING = YES;
				CLANG_WARN_BOOL_CONVERSION = YES;
				CLANG_WARN_COMMA = YES;
				CLANG_WARN_CONSTANT_CONVERSION = YES;
				CLANG_WARN_DEPRECATED_OBJC_IMPLEMENTATIONS = YES;
				CLANG_WARN_DIRECT_OBJC_ISA_USAGE = YES_ERROR;
				CLANG_WARN_DOCUMENTATION_COMMENTS = YES;
				CLANG_WARN_EMPTY_BODY = YES;
				CLANG_WARN_ENUM_CONVERSION = YES;
				CLANG_WARN_INFINITE_RECURSION = YES;
				CLANG_WARN_INT_CONVERSION = YES;
				CLANG_WARN_NON_LITERAL_NULL_CONVERSION = YES;
				CLANG_WARN_OBJC_IMPLICIT_RETAIN_SELF = YES;
				CLANG_WARN_OBJC_LITERAL_CONVERSION = YES;
				CLANG_WARN_OBJC_ROOT_CLASS = YES_ERROR;
				CLANG_WARN_QUOTED_INCLUDE_IN_FRAMEWORK_HEADER = YES;
				CLANG_WARN_RANGE_LOOP_ANALYSIS = YES;
				CLANG_WARN_STRICT_PROTOTYPES = YES;
				CLANG_WARN_SUSPICIOUS_MOVE = YES;
				CLANG_WARN_UNGUARDED_AVAILABILITY = YES_AGGRESSIVE;
				CLANG_WARN_UNREACHABLE_CODE = YES;
				CLANG_WARN__DUPLICATE_METHOD_MATCH = YES;
				COPY_PHASE_STRIP = NO;
				DEBUG_INFORMATION_FORMAT = dwarf;
				ENABLE_STRICT_OBJC_MSGSEND = YES;
				ENABLE_TESTABILITY = YES;
				GCC_C_LANGUAGE_STANDARD = gnu11;
				GCC_DYNAMIC_NO_PIC = NO;
				GCC_NO_COMMON_BLOCKS = YES;
				GCC_OPTIMIZATION_LEVEL = 0;
				GCC_PREPROCESSOR_DEFINITIONS = (
					"DEBUG=1",
					"$(inherited)",
				);
				GCC_WARN_64_TO_32_BIT_CONVERSION = YES;
				GCC_WARN_ABOUT_RETURN_TYPE = YES_ERROR;
				GCC_WARN_UNDECLARED_SELECTOR = YES;
				GCC_WARN_UNINITIALIZED_AUTOS = YES_AGGRESSIVE;
				GCC_WARN_UNUSED_FUNCTION = YES;
				GCC_WARN_UNUSED_VARIABLE = YES;
				IPHONEOS_DEPLOYMENT_TARGET = 14.0;
				MACOSX_DEPLOYMENT_TARGET = 11.0;
				MTL_ENABLE_DEBUG_INFO = INCLUDE_SOURCE;
				MTL_FAST_MATH = YES;
				ONLY_ACTIVE_ARCH = YES;
				SWIFT_ACTIVE_COMPILATION_CONDITIONS = DEBUG;
				SWIFT_OPTIMIZATION_LEVEL = "-Onone";
			};
			name = Debug;
		};
		F992B72225B6C67A00A37AA7 /* Release */ = {
			isa = XCBuildConfiguration;
			buildSettings = {
				ALWAYS_SEARCH_USER_PATHS = NO;
				CLANG_ANALYZER_NONNULL = YES;
				CLANG_ANALYZER_NUMBER_OBJECT_CONVERSION = YES_AGGRESSIVE;
				CLANG_CXX_LANGUAGE_STANDARD = "gnu++14";
				CLANG_CXX_LIBRARY = "libc++";
				CLANG_ENABLE_MODULES = YES;
				CLANG_ENABLE_OBJC_ARC = YES;
				CLANG_ENABLE_OBJC_WEAK = YES;
				CLANG_WARN_BLOCK_CAPTURE_AUTORELEASING = YES;
				CLANG_WARN_BOOL_CONVERSION = YES;
				CLANG_WARN_COMMA = YES;
				CLANG_WARN_CONSTANT_CONVERSION = YES;
				CLANG_WARN_DEPRECATED_OBJC_IMPLEMENTATIONS = YES;
				CLANG_WARN_DIRECT_OBJC_ISA_USAGE = YES_ERROR;
				CLANG_WARN_DOCUMENTATION_COMMENTS = YES;
				CLANG_WARN_EMPTY_BODY = YES;
				CLANG_WARN_ENUM_CONVERSION = YES;
				CLANG_WARN_INFINITE_RECURSION = YES;
				CLANG_WARN_INT_CONVERSION = YES;
				CLANG_WARN_NON_LITERAL_NULL_CONVERSION = YES;
				CLANG_WARN_OBJC_IMPLICIT_RETAIN_SELF = YES;
				CLANG_WARN_OBJC_LITERAL_CONVERSION = YES;
				CLANG_WARN_OBJC_ROOT_CLASS = YES_ERROR;
				CLANG_WARN_QUOTED_INCLUDE_IN_FRAMEWORK_HEADER = YES;
				CLANG_WARN_RANGE_LOOP_ANALYSIS = YES;
				CLANG_WARN_STRICT_PROTOTYPES = YES;
				CLANG_WARN_SUSPICIOUS_MOVE = YES;
				CLANG_WARN_UNGUARDED_AVAILABILITY = YES_AGGRESSIVE;
				CLANG_WARN_UNREACHABLE_CODE = YES;
				CLANG_WARN__DUPLICATE_METHOD_MATCH = YES;
				COPY_PHASE_STRIP = NO;
				DEBUG_INFORMATION_FORMAT = "dwarf-with-dsym";
				ENABLE_NS_ASSERTIONS = NO;
				ENABLE_STRICT_OBJC_MSGSEND = YES;
				GCC_C_LANGUAGE_STANDARD = gnu11;
				GCC_NO_COMMON_BLOCKS = YES;
				GCC_WARN_64_TO_32_BIT_CONVERSION = YES;
				GCC_WARN_ABOUT_RETURN_TYPE = YES_ERROR;
				GCC_WARN_UNDECLARED_SELECTOR = YES;
				GCC_WARN_UNINITIALIZED_AUTOS = YES_AGGRESSIVE;
				GCC_WARN_UNUSED_FUNCTION = YES;
				GCC_WARN_UNUSED_VARIABLE = YES;
				IPHONEOS_DEPLOYMENT_TARGET = 14.0;
				MACOSX_DEPLOYMENT_TARGET = 11.0;
				MTL_ENABLE_DEBUG_INFO = NO;
				MTL_FAST_MATH = YES;
				SWIFT_COMPILATION_MODE = wholemodule;
				SWIFT_OPTIMIZATION_LEVEL = "-O";
			};
			name = Release;
		};
		F992B72425B6C67A00A37AA7 /* Debug */ = {
			isa = XCBuildConfiguration;
			buildSettings = {
				ASSETCATALOG_COMPILER_APPICON_NAME = AppIcon;
				ASSETCATALOG_COMPILER_GLOBAL_ACCENT_COLOR_NAME = AccentColor;
				CODE_SIGN_ENTITLEMENTS = "SUSTech Flow.entitlements";
				CODE_SIGN_STYLE = Automatic;
				DEVELOPMENT_TEAM = HA5W848Q8D;
				ENABLE_PREVIEWS = YES;
				INFOPLIST_FILE = iOS/Info.plist;
				IPHONEOS_DEPLOYMENT_TARGET = 14.0;
				LD_RUNPATH_SEARCH_PATHS = (
					"$(inherited)",
					"@executable_path/Frameworks",
				);
				PRODUCT_BUNDLE_IDENTIFIER = "com.outlook.ai-junda.SUSTech-Flow";
				PRODUCT_NAME = "SUSTech Flow";
				SDKROOT = iphoneos;
				SUPPORTS_MACCATALYST = YES;
				SWIFT_VERSION = 5.0;
				TARGETED_DEVICE_FAMILY = "1,2";
			};
			name = Debug;
		};
		F992B72525B6C67A00A37AA7 /* Release */ = {
			isa = XCBuildConfiguration;
			buildSettings = {
				ASSETCATALOG_COMPILER_APPICON_NAME = AppIcon;
				ASSETCATALOG_COMPILER_GLOBAL_ACCENT_COLOR_NAME = AccentColor;
				CODE_SIGN_ENTITLEMENTS = "SUSTech Flow.entitlements";
				CODE_SIGN_STYLE = Automatic;
				DEVELOPMENT_TEAM = HA5W848Q8D;
				ENABLE_PREVIEWS = YES;
				INFOPLIST_FILE = iOS/Info.plist;
				IPHONEOS_DEPLOYMENT_TARGET = 14.0;
				LD_RUNPATH_SEARCH_PATHS = (
					"$(inherited)",
					"@executable_path/Frameworks",
				);
				PRODUCT_BUNDLE_IDENTIFIER = "com.outlook.ai-junda.SUSTech-Flow";
				PRODUCT_NAME = "SUSTech Flow";
				SDKROOT = iphoneos;
				SUPPORTS_MACCATALYST = YES;
				SWIFT_VERSION = 5.0;
				TARGETED_DEVICE_FAMILY = "1,2";
				VALIDATE_PRODUCT = YES;
			};
			name = Release;
		};
		F992B72725B6C67A00A37AA7 /* Debug */ = {
			isa = XCBuildConfiguration;
			buildSettings = {
				ASSETCATALOG_COMPILER_APPICON_NAME = AppIcon;
				ASSETCATALOG_COMPILER_GLOBAL_ACCENT_COLOR_NAME = AccentColor;
				CODE_SIGN_ENTITLEMENTS = macOS/macOS.entitlements;
				CODE_SIGN_STYLE = Automatic;
				COMBINE_HIDPI_IMAGES = YES;
				DEVELOPMENT_TEAM = HA5W848Q8D;
				ENABLE_HARDENED_RUNTIME = YES;
				ENABLE_PREVIEWS = YES;
				INFOPLIST_FILE = macOS/Info.plist;
				LD_RUNPATH_SEARCH_PATHS = (
					"$(inherited)",
					"@executable_path/../Frameworks",
				);
				MACOSX_DEPLOYMENT_TARGET = 11.0;
				PRODUCT_BUNDLE_IDENTIFIER = "com.outlook.ai-junda.SUSTech-Flow";
				PRODUCT_NAME = "SUSTech Flow";
				SDKROOT = macosx;
				SWIFT_VERSION = 5.0;
			};
			name = Debug;
		};
		F992B72825B6C67A00A37AA7 /* Release */ = {
			isa = XCBuildConfiguration;
			buildSettings = {
				ASSETCATALOG_COMPILER_APPICON_NAME = AppIcon;
				ASSETCATALOG_COMPILER_GLOBAL_ACCENT_COLOR_NAME = AccentColor;
				CODE_SIGN_ENTITLEMENTS = macOS/macOS.entitlements;
				CODE_SIGN_STYLE = Automatic;
				COMBINE_HIDPI_IMAGES = YES;
				DEVELOPMENT_TEAM = HA5W848Q8D;
				ENABLE_HARDENED_RUNTIME = YES;
				ENABLE_PREVIEWS = YES;
				INFOPLIST_FILE = macOS/Info.plist;
				LD_RUNPATH_SEARCH_PATHS = (
					"$(inherited)",
					"@executable_path/../Frameworks",
				);
				MACOSX_DEPLOYMENT_TARGET = 11.0;
				PRODUCT_BUNDLE_IDENTIFIER = "com.outlook.ai-junda.SUSTech-Flow";
				PRODUCT_NAME = "SUSTech Flow";
				SDKROOT = macosx;
				SWIFT_VERSION = 5.0;
			};
			name = Release;
		};
		F992B72A25B6C67A00A37AA7 /* Debug */ = {
			isa = XCBuildConfiguration;
			buildSettings = {
				ALWAYS_EMBED_SWIFT_STANDARD_LIBRARIES = YES;
				CODE_SIGN_STYLE = Automatic;
				DEVELOPMENT_TEAM = HA5W848Q8D;
				INFOPLIST_FILE = "Tests iOS/Info.plist";
				IPHONEOS_DEPLOYMENT_TARGET = 14.3;
				LD_RUNPATH_SEARCH_PATHS = (
					"$(inherited)",
					"@executable_path/Frameworks",
					"@loader_path/Frameworks",
				);
				PRODUCT_BUNDLE_IDENTIFIER = "com.outlook.ai-junda.Tests-iOS";
				PRODUCT_NAME = "$(TARGET_NAME)";
				SDKROOT = iphoneos;
				SWIFT_VERSION = 5.0;
				TARGETED_DEVICE_FAMILY = "1,2";
				TEST_TARGET_NAME = "SUSTech Flow (iOS)";
			};
			name = Debug;
		};
		F992B72B25B6C67A00A37AA7 /* Release */ = {
			isa = XCBuildConfiguration;
			buildSettings = {
				ALWAYS_EMBED_SWIFT_STANDARD_LIBRARIES = YES;
				CODE_SIGN_STYLE = Automatic;
				DEVELOPMENT_TEAM = HA5W848Q8D;
				INFOPLIST_FILE = "Tests iOS/Info.plist";
				IPHONEOS_DEPLOYMENT_TARGET = 14.3;
				LD_RUNPATH_SEARCH_PATHS = (
					"$(inherited)",
					"@executable_path/Frameworks",
					"@loader_path/Frameworks",
				);
				PRODUCT_BUNDLE_IDENTIFIER = "com.outlook.ai-junda.Tests-iOS";
				PRODUCT_NAME = "$(TARGET_NAME)";
				SDKROOT = iphoneos;
				SWIFT_VERSION = 5.0;
				TARGETED_DEVICE_FAMILY = "1,2";
				TEST_TARGET_NAME = "SUSTech Flow (iOS)";
				VALIDATE_PRODUCT = YES;
			};
			name = Release;
		};
		F992B72D25B6C67A00A37AA7 /* Debug */ = {
			isa = XCBuildConfiguration;
			buildSettings = {
				ALWAYS_EMBED_SWIFT_STANDARD_LIBRARIES = YES;
				CODE_SIGN_STYLE = Automatic;
				COMBINE_HIDPI_IMAGES = YES;
				DEVELOPMENT_TEAM = HA5W848Q8D;
				INFOPLIST_FILE = "Tests macOS/Info.plist";
				LD_RUNPATH_SEARCH_PATHS = (
					"$(inherited)",
					"@executable_path/../Frameworks",
					"@loader_path/../Frameworks",
				);
				MACOSX_DEPLOYMENT_TARGET = 11.1;
				PRODUCT_BUNDLE_IDENTIFIER = "com.outlook.ai-junda.Tests-macOS";
				PRODUCT_NAME = "$(TARGET_NAME)";
				SDKROOT = macosx;
				SWIFT_VERSION = 5.0;
				TEST_TARGET_NAME = "SUSTech Flow (macOS)";
			};
			name = Debug;
		};
		F992B72E25B6C67A00A37AA7 /* Release */ = {
			isa = XCBuildConfiguration;
			buildSettings = {
				ALWAYS_EMBED_SWIFT_STANDARD_LIBRARIES = YES;
				CODE_SIGN_STYLE = Automatic;
				COMBINE_HIDPI_IMAGES = YES;
				DEVELOPMENT_TEAM = HA5W848Q8D;
				INFOPLIST_FILE = "Tests macOS/Info.plist";
				LD_RUNPATH_SEARCH_PATHS = (
					"$(inherited)",
					"@executable_path/../Frameworks",
					"@loader_path/../Frameworks",
				);
				MACOSX_DEPLOYMENT_TARGET = 11.1;
				PRODUCT_BUNDLE_IDENTIFIER = "com.outlook.ai-junda.Tests-macOS";
				PRODUCT_NAME = "$(TARGET_NAME)";
				SDKROOT = macosx;
				SWIFT_VERSION = 5.0;
				TEST_TARGET_NAME = "SUSTech Flow (macOS)";
			};
			name = Release;
		};
/* End XCBuildConfiguration section */

/* Begin XCConfigurationList section */
		F992B6F025B6C67500A37AA7 /* Build configuration list for PBXProject "SUSTech Flow" */ = {
			isa = XCConfigurationList;
			buildConfigurations = (
				F992B72125B6C67A00A37AA7 /* Debug */,
				F992B72225B6C67A00A37AA7 /* Release */,
			);
			defaultConfigurationIsVisible = 0;
			defaultConfigurationName = Release;
		};
		F992B72325B6C67A00A37AA7 /* Build configuration list for PBXNativeTarget "SUSTech Flow (iOS)" */ = {
			isa = XCConfigurationList;
			buildConfigurations = (
				F992B72425B6C67A00A37AA7 /* Debug */,
				F992B72525B6C67A00A37AA7 /* Release */,
			);
			defaultConfigurationIsVisible = 0;
			defaultConfigurationName = Release;
		};
		F992B72625B6C67A00A37AA7 /* Build configuration list for PBXNativeTarget "SUSTech Flow (macOS)" */ = {
			isa = XCConfigurationList;
			buildConfigurations = (
				F992B72725B6C67A00A37AA7 /* Debug */,
				F992B72825B6C67A00A37AA7 /* Release */,
			);
			defaultConfigurationIsVisible = 0;
			defaultConfigurationName = Release;
		};
		F992B72925B6C67A00A37AA7 /* Build configuration list for PBXNativeTarget "Tests iOS" */ = {
			isa = XCConfigurationList;
			buildConfigurations = (
				F992B72A25B6C67A00A37AA7 /* Debug */,
				F992B72B25B6C67A00A37AA7 /* Release */,
			);
			defaultConfigurationIsVisible = 0;
			defaultConfigurationName = Release;
		};
		F992B72C25B6C67A00A37AA7 /* Build configuration list for PBXNativeTarget "Tests macOS" */ = {
			isa = XCConfigurationList;
			buildConfigurations = (
				F992B72D25B6C67A00A37AA7 /* Debug */,
				F992B72E25B6C67A00A37AA7 /* Release */,
			);
			defaultConfigurationIsVisible = 0;
			defaultConfigurationName = Release;
		};
/* End XCConfigurationList section */
	};
	rootObject = F992B6ED25B6C67500A37AA7 /* Project object */;
}
